
Microsoft Visual Studio Solution File, Format Version 12.00
# Visual Studio Version 17
VisualStudioVersion = 17.1.32228.430
MinimumVisualStudioVersion = 10.0.40219.1
Project("{9A19103F-16F7-4668-BE54-9A1E7A4F7556}") = "ToyRobotConsole", "ToyRobotConsole\ToyRobotConsole.csproj", "{77434038-7DAC-487F-86AF-C50C695803C7}"
EndProject
Project("{9A19103F-16F7-4668-BE54-9A1E7A4F7556}") = "SimulationLib", "RobotActions\SimulationLib.csproj", "{80C972EE-0952-4D57-A4F2-D9AD65C10B1C}"
EndProject
Project("{2150E333-8FDC-42A3-9474-1A3956D46DE8}") = "Tests", "Tests", "{245B2E3E-DBCD-47BB-AE73-FEF14476443D}"
EndProject
Project("{9A19103F-16F7-4668-BE54-9A1E7A4F7556}") = "SimulationLibTest", "SimuationLibTest\SimulationLibTest.csproj", "{CC8B5026-B749-40E2-8A2D-4539C501DE8D}"
EndProject
Global
	GlobalSection(SolutionConfigurationPlatforms) = preSolution
		Debug|Any CPU = Debug|Any CPU
		Release|Any CPU = Release|Any CPU
	EndGlobalSection
	GlobalSection(ProjectConfigurationPlatforms) = postSolution
		{77434038-7DAC-487F-86AF-C50C695803C7}.Debug|Any CPU.ActiveCfg = Debug|Any CPU
		{77434038-7DAC-487F-86AF-C50C695803C7}.Debug|Any CPU.Build.0 = Debug|Any CPU
		{77434038-7DAC-487F-86AF-C50C695803C7}.Release|Any CPU.ActiveCfg = Release|Any CPU
		{77434038-7DAC-487F-86AF-C50C695803C7}.Release|Any CPU.Build.0 = Release|Any CPU
		{80C972EE-0952-4D57-A4F2-D9AD65C10B1C}.Debug|Any CPU.ActiveCfg = Debug|Any CPU
		{80C972EE-0952-4D57-A4F2-D9AD65C10B1C}.Debug|Any CPU.Build.0 = Debug|Any CPU
		{80C972EE-0952-4D57-A4F2-D9AD65C10B1C}.Release|Any CPU.ActiveCfg = Release|Any CPU
		{80C972EE-0952-4D57-A4F2-D9AD65C10B1C}.Release|Any CPU.Build.0 = Release|Any CPU
		{CC8B5026-B749-40E2-8A2D-4539C501DE8D}.Debug|Any CPU.ActiveCfg = Debug|Any CPU
		{CC8B5026-B749-40E2-8A2D-4539C501DE8D}.Debug|Any CPU.Build.0 = Debug|Any CPU
		{CC8B5026-B749-40E2-8A2D-4539C501DE8D}.Release|Any CPU.ActiveCfg = Release|Any CPU
		{CC8B5026-B749-40E2-8A2D-4539C501DE8D}.Release|Any CPU.Build.0 = Release|Any CPU
	EndGlobalSection
	GlobalSection(SolutionProperties) = preSolution
		HideSolutionNode = FALSE
	EndGlobalSection
	GlobalSection(NestedProjects) = preSolution
		{CC8B5026-B749-40E2-8A2D-4539C501DE8D} = {245B2E3E-DBCD-47BB-AE73-FEF14476443D}
	EndGlobalSection
	GlobalSection(ExtensibilityGlobals) = postSolution
		SolutionGuid = {EAD38BE9-E41C-432B-8A45-8651F4B5B71C}
	EndGlobalSection
EndGlobal
